
Microsoft Visual Studio Solution File, Format Version 12.00
# Visual Studio Version 17
VisualStudioVersion = 17.3.32901.215
MinimumVisualStudioVersion = 10.0.40219.1
Project("{FAE04EC0-301F-11D3-BF4B-00C04F79EFBC}") = "Sessia1", "Sessia1.csproj", "{58D9759B-188F-4768-89E4-52EA74778170}"
EndProject
Global
	GlobalSection(SolutionConfigurationPlatforms) = preSolution
		Debug|Any CPU = Debug|Any CPU
		Release|Any CPU = Release|Any CPU
	EndGlobalSection
	GlobalSection(ProjectConfigurationPlatforms) = postSolution
		{58D9759B-188F-4768-89E4-52EA74778170}.Debug|Any CPU.ActiveCfg = Debug|Any CPU
		{58D9759B-188F-4768-89E4-52EA74778170}.Debug|Any CPU.Build.0 = Debug|Any CPU
		{58D9759B-188F-4768-89E4-52EA74778170}.Release|Any CPU.ActiveCfg = Release|Any CPU
		{58D9759B-188F-4768-89E4-52EA74778170}.Release|Any CPU.Build.0 = Release|Any CPU
	EndGlobalSection
	GlobalSection(SolutionProperties) = preSolution
		HideSolutionNode = FALSE
	EndGlobalSection
	GlobalSection(ExtensibilityGlobals) = postSolution
		SolutionGuid = {F4C61190-73B9-4C18-85DD-613830F552F5}
	EndGlobalSection
EndGlobal
